
Microsoft Visual Studio Solution File, Format Version 12.00
# Visual Studio Version 16
VisualStudioVersion = 16.0.30413.136
MinimumVisualStudioVersion = 10.0.40219.1
Project("{FAE04EC0-301F-11D3-BF4B-00C04F79EFBC}") = "MealPlanner.Api", "MealPlanner.Api\MealPlanner.Api.csproj", "{8D44BAE7-CFB1-4609-927F-30BE3F5443EE}"
EndProject
Global
	GlobalSection(SolutionConfigurationPlatforms) = preSolution
		Debug|Any CPU = Debug|Any CPU
		Release|Any CPU = Release|Any CPU
	EndGlobalSection
	GlobalSection(ProjectConfigurationPlatforms) = postSolution
		{8D44BAE7-CFB1-4609-927F-30BE3F5443EE}.Debug|Any CPU.ActiveCfg = Debug|Any CPU
		{8D44BAE7-CFB1-4609-927F-30BE3F5443EE}.Debug|Any CPU.Build.0 = Debug|Any CPU
		{8D44BAE7-CFB1-4609-927F-30BE3F5443EE}.Release|Any CPU.ActiveCfg = Release|Any CPU
		{8D44BAE7-CFB1-4609-927F-30BE3F5443EE}.Release|Any CPU.Build.0 = Release|Any CPU
	EndGlobalSection
	GlobalSection(SolutionProperties) = preSolution
		HideSolutionNode = FALSE
	EndGlobalSection
	GlobalSection(ExtensibilityGlobals) = postSolution
		SolutionGuid = {FF74F582-BCB4-4462-ADD5-D28373D59F3D}
	EndGlobalSection
EndGlobal
